
Microsoft Visual Studio Solution File, Format Version 12.00
# Visual Studio Version 16
VisualStudioVersion = 16.0.809.5
MinimumVisualStudioVersion = 10.0.40219.1
Project("{FAE04EC0-301F-11D3-BF4B-00C04F79EFBC}") = "FibonacciGridGame", "FibonacciGridGame\FibonacciGridGame.csproj", "{81D03019-7240-4E2A-AF9C-8C15EB93FE68}"
EndProject
Project("{FAE04EC0-301F-11D3-BF4B-00C04F79EFBC}") = "FibonacciGridGame.Tests", "FibonacciGridGame.Tests\FibonacciGridGame.Tests.csproj", "{26AEA9FE-3A68-40A9-81E3-96B0591955A4}"
EndProject
Global
	GlobalSection(SolutionConfigurationPlatforms) = preSolution
		Debug|Any CPU = Debug|Any CPU
		Release|Any CPU = Release|Any CPU
	EndGlobalSection
	GlobalSection(ProjectConfigurationPlatforms) = postSolution
		{81D03019-7240-4E2A-AF9C-8C15EB93FE68}.Debug|Any CPU.ActiveCfg = Debug|Any CPU
		{81D03019-7240-4E2A-AF9C-8C15EB93FE68}.Debug|Any CPU.Build.0 = Debug|Any CPU
		{81D03019-7240-4E2A-AF9C-8C15EB93FE68}.Release|Any CPU.ActiveCfg = Release|Any CPU
		{81D03019-7240-4E2A-AF9C-8C15EB93FE68}.Release|Any CPU.Build.0 = Release|Any CPU
		{26AEA9FE-3A68-40A9-81E3-96B0591955A4}.Debug|Any CPU.ActiveCfg = Debug|Any CPU
		{26AEA9FE-3A68-40A9-81E3-96B0591955A4}.Debug|Any CPU.Build.0 = Debug|Any CPU
		{26AEA9FE-3A68-40A9-81E3-96B0591955A4}.Release|Any CPU.ActiveCfg = Release|Any CPU
		{26AEA9FE-3A68-40A9-81E3-96B0591955A4}.Release|Any CPU.Build.0 = Release|Any CPU
	EndGlobalSection
	GlobalSection(SolutionProperties) = preSolution
		HideSolutionNode = FALSE
	EndGlobalSection
	GlobalSection(ExtensibilityGlobals) = postSolution
		SolutionGuid = {5150683C-180D-4CE8-9961-7AF50BD0C327}
	EndGlobalSection
EndGlobal
